// !$*UTF8*$!
{
	archiveVersion = 1;
	classes = {
	};
	objectVersion = 46;
	objects = {

/* Begin PBXBuildFile section */
		671840F21EA5E45F00CCC0E2 /* main.m in Sources */ = {isa = PBXBuildFile; fileRef = 671840F11EA5E45F00CCC0E2 /* main.m */; };
		671840F51EA5E45F00CCC0E2 /* AppDelegate.m in Sources */ = {isa = PBXBuildFile; fileRef = 671840F41EA5E45F00CCC0E2 /* AppDelegate.m */; };
		671840F81EA5E45F00CCC0E2 /* ViewController.m in Sources */ = {isa = PBXBuildFile; fileRef = 671840F71EA5E45F00CCC0E2 /* ViewController.m */; };
		671840FB1EA5E45F00CCC0E2 /* Main.storyboard in Resources */ = {isa = PBXBuildFile; fileRef = 671840F91EA5E45F00CCC0E2 /* Main.storyboard */; };
		671840FD1EA5E45F00CCC0E2 /* Assets.xcassets in Resources */ = {isa = PBXBuildFile; fileRef = 671840FC1EA5E45F00CCC0E2 /* Assets.xcassets */; };
		671841001EA5E45F00CCC0E2 /* LaunchScreen.storyboard in Resources */ = {isa = PBXBuildFile; fileRef = 671840FE1EA5E45F00CCC0E2 /* LaunchScreen.storyboard */; };
		6718410B1EA5E45F00CCC0E2 /* LYRefreshTests.m in Sources */ = {isa = PBXBuildFile; fileRef = 6718410A1EA5E45F00CCC0E2 /* LYRefreshTests.m */; };
		671841161EA5E45F00CCC0E2 /* LYRefreshUITests.m in Sources */ = {isa = PBXBuildFile; fileRef = 671841151EA5E45F00CCC0E2 /* LYRefreshUITests.m */; };
/* End PBXBuildFile section */

/* Begin PBXContainerItemProxy section */
		671841071EA5E45F00CCC0E2 /* PBXContainerItemProxy */ = {
			isa = PBXContainerItemProxy;
			containerPortal = 671840E51EA5E45F00CCC0E2 /* Project object */;
			proxyType = 1;
			remoteGlobalIDString = 671840EC1EA5E45F00CCC0E2;
			remoteInfo = LYRefresh;
		};
		671841121EA5E45F00CCC0E2 /* PBXContainerItemProxy */ = {
			isa = PBXContainerItemProxy;
			containerPortal = 671840E51EA5E45F00CCC0E2 /* Project object */;
			proxyType = 1;
			remoteGlobalIDString = 671840EC1EA5E45F00CCC0E2;
			remoteInfo = LYRefresh;
		};
/* End PBXContainerItemProxy section */

/* Begin PBXFileReference section */
		671840ED1EA5E45F00CCC0E2 /* LYRefresh.app */ = {isa = PBXFileReference; explicitFileType = wrapper.application; includeInIndex = 0; path = LYRefresh.app; sourceTree = BUILT_PRODUCTS_DIR; };
		671840F11EA5E45F00CCC0E2 /* main.m */ = {isa = PBXFileReference; lastKnownFileType = sourcecode.c.objc; path = main.m; sourceTree = "<group>"; };
		671840F31EA5E45F00CCC0E2 /* AppDelegate.h */ = {isa = PBXFileReference; lastKnownFileType = sourcecode.c.h; path = AppDelegate.h; sourceTree = "<group>"; };
		671840F41EA5E45F00CCC0E2 /* AppDelegate.m */ = {isa = PBXFileReference; lastKnownFileType = sourcecode.c.objc; path = AppDelegate.m; sourceTree = "<group>"; };
		671840F61EA5E45F00CCC0E2 /* ViewController.h */ = {isa = PBXFileReference; lastKnownFileType = sourcecode.c.h; path = ViewController.h; sourceTree = "<group>"; };
		671840F71EA5E45F00CCC0E2 /* ViewController.m */ = {isa = PBXFileReference; lastKnownFileType = sourcecode.c.objc; path = ViewController.m; sourceTree = "<group>"; };
		671840FA1EA5E45F00CCC0E2 /* Base */ = {isa = PBXFileReference; lastKnownFileType = file.storyboard; name = Base; path = Base.lproj/Main.storyboard; sourceTree = "<group>"; };
		671840FC1EA5E45F00CCC0E2 /* Assets.xcassets */ = {isa = PBXFileReference; lastKnownFileType = folder.assetcatalog; path = Assets.xcassets; sourceTree = "<group>"; };
		671840FF1EA5E45F00CCC0E2 /* Base */ = {isa = PBXFileReference; lastKnownFileType = file.storyboard; name = Base; path = Base.lproj/LaunchScreen.storyboard; sourceTree = "<group>"; };
		671841011EA5E45F00CCC0E2 /* Info.plist */ = {isa = PBXFileReference; lastKnownFileType = text.plist.xml; path = Info.plist; sourceTree = "<group>"; };
		671841061EA5E45F00CCC0E2 /* LYRefreshTests.xctest */ = {isa = PBXFileReference; explicitFileType = wrapper.cfbundle; includeInIndex = 0; path = LYRefreshTests.xctest; sourceTree = BUILT_PRODUCTS_DIR; };
		6718410A1EA5E45F00CCC0E2 /* LYRefreshTests.m */ = {isa = PBXFileReference; lastKnownFileType = sourcecode.c.objc; path = LYRefreshTests.m; sourceTree = "<group>"; };
		6718410C1EA5E45F00CCC0E2 /* Info.plist */ = {isa = PBXFileReference; lastKnownFileType = text.plist.xml; path = Info.plist; sourceTree = "<group>"; };
		671841111EA5E45F00CCC0E2 /* LYRefreshUITests.xctest */ = {isa = PBXFileReference; explicitFileType = wrapper.cfbundle; includeInIndex = 0; path = LYRefreshUITests.xctest; sourceTree = BUILT_PRODUCTS_DIR; };
		671841151EA5E45F00CCC0E2 /* LYRefreshUITests.m */ = {isa = PBXFileReference; lastKnownFileType = sourcecode.c.objc; path = LYRefreshUITests.m; sourceTree = "<group>"; };
		671841171EA5E45F00CCC0E2 /* Info.plist */ = {isa = PBXFileReference; lastKnownFileType = text.plist.xml; path = Info.plist; sourceTree = "<group>"; };
/* End PBXFileReference section */

/* Begin PBXFrameworksBuildPhase section */
		671840EA1EA5E45F00CCC0E2 /* Frameworks */ = {
			isa = PBXFrameworksBuildPhase;
			buildActionMask = 2147483647;
			files = (
			);
			runOnlyForDeploymentPostprocessing = 0;
		};
		671841031EA5E45F00CCC0E2 /* Frameworks */ = {
			isa = PBXFrameworksBuildPhase;
			buildActionMask = 2147483647;
			files = (
			);
			runOnlyForDeploymentPostprocessing = 0;
		};
		6718410E1EA5E45F00CCC0E2 /* Frameworks */ = {
			isa = PBXFrameworksBuildPhase;
			buildActionMask = 2147483647;
			files = (
			);
			runOnlyForDeploymentPostprocessing = 0;
		};
/* End PBXFrameworksBuildPhase section */

/* Begin PBXGroup section */
		671840E41EA5E45F00CCC0E2 = {
			isa = PBXGroup;
			children = (
				671840EF1EA5E45F00CCC0E2 /* LYRefresh */,
				671841091EA5E45F00CCC0E2 /* LYRefreshTests */,
				671841141EA5E45F00CCC0E2 /* LYRefreshUITests */,
				671840EE1EA5E45F00CCC0E2 /* Products */,
			);
			sourceTree = "<group>";
		};
		671840EE1EA5E45F00CCC0E2 /* Products */ = {
			isa = PBXGroup;
			children = (
				671840ED1EA5E45F00CCC0E2 /* LYRefresh.app */,
				671841061EA5E45F00CCC0E2 /* LYRefreshTests.xctest */,
				671841111EA5E45F00CCC0E2 /* LYRefreshUITests.xctest */,
			);
			name = Products;
			sourceTree = "<group>";
		};
		671840EF1EA5E45F00CCC0E2 /* LYRefresh */ = {
			isa = PBXGroup;
			children = (
				671840F31EA5E45F00CCC0E2 /* AppDelegate.h */,
				671840F41EA5E45F00CCC0E2 /* AppDelegate.m */,
				671840F61EA5E45F00CCC0E2 /* ViewController.h */,
				671840F71EA5E45F00CCC0E2 /* ViewController.m */,
				671840F91EA5E45F00CCC0E2 /* Main.storyboard */,
				671840FC1EA5E45F00CCC0E2 /* Assets.xcassets */,
				671840FE1EA5E45F00CCC0E2 /* LaunchScreen.storyboard */,
				671841011EA5E45F00CCC0E2 /* Info.plist */,
				671840F01EA5E45F00CCC0E2 /* Supporting Files */,
			);
			path = LYRefresh;
			sourceTree = "<group>";
		};
		671840F01EA5E45F00CCC0E2 /* Supporting Files */ = {
			isa = PBXGroup;
			children = (
				671840F11EA5E45F00CCC0E2 /* main.m */,
			);
			name = "Supporting Files";
			sourceTree = "<group>";
		};
		671841091EA5E45F00CCC0E2 /* LYRefreshTests */ = {
			isa = PBXGroup;
			children = (
				6718410A1EA5E45F00CCC0E2 /* LYRefreshTests.m */,
				6718410C1EA5E45F00CCC0E2 /* Info.plist */,
			);
			path = LYRefreshTests;
			sourceTree = "<group>";
		};
		671841141EA5E45F00CCC0E2 /* LYRefreshUITests */ = {
			isa = PBXGroup;
			children = (
				671841151EA5E45F00CCC0E2 /* LYRefreshUITests.m */,
				671841171EA5E45F00CCC0E2 /* Info.plist */,
			);
			path = LYRefreshUITests;
			sourceTree = "<group>";
		};
/* End PBXGroup section */

/* Begin PBXNativeTarget section */
		671840EC1EA5E45F00CCC0E2 /* LYRefresh */ = {
			isa = PBXNativeTarget;
			buildConfigurationList = 6718411A1EA5E45F00CCC0E2 /* Build configuration list for PBXNativeTarget "LYRefresh" */;
			buildPhases = (
				671840E91EA5E45F00CCC0E2 /* Sources */,
				671840EA1EA5E45F00CCC0E2 /* Frameworks */,
				671840EB1EA5E45F00CCC0E2 /* Resources */,
			);
			buildRules = (
			);
			dependencies = (
			);
			name = LYRefresh;
			productName = LYRefresh;
			productReference = 671840ED1EA5E45F00CCC0E2 /* LYRefresh.app */;
			productType = "com.apple.product-type.application";
		};
		671841051EA5E45F00CCC0E2 /* LYRefreshTests */ = {
			isa = PBXNativeTarget;
			buildConfigurationList = 6718411D1EA5E45F00CCC0E2 /* Build configuration list for PBXNativeTarget "LYRefreshTests" */;
			buildPhases = (
				671841021EA5E45F00CCC0E2 /* Sources */,
				671841031EA5E45F00CCC0E2 /* Frameworks */,
				671841041EA5E45F00CCC0E2 /* Resources */,
			);
			buildRules = (
			);
			dependencies = (
				671841081EA5E45F00CCC0E2 /* PBXTargetDependency */,
			);
			name = LYRefreshTests;
			productName = LYRefreshTests;
			productReference = 671841061EA5E45F00CCC0E2 /* LYRefreshTests.xctest */;
			productType = "com.apple.product-type.bundle.unit-test";
		};
		671841101EA5E45F00CCC0E2 /* LYRefreshUITests */ = {
			isa = PBXNativeTarget;
			buildConfigurationList = 671841201EA5E45F00CCC0E2 /* Build configuration list for PBXNativeTarget "LYRefreshUITests" */;
			buildPhases = (
				6718410D1EA5E45F00CCC0E2 /* Sources */,
				6718410E1EA5E45F00CCC0E2 /* Frameworks */,
				6718410F1EA5E45F00CCC0E2 /* Resources */,
			);
			buildRules = (
			);
			dependencies = (
				671841131EA5E45F00CCC0E2 /* PBXTargetDependency */,
			);
			name = LYRefreshUITests;
			productName = LYRefreshUITests;
			productReference = 671841111EA5E45F00CCC0E2 /* LYRefreshUITests.xctest */;
			productType = "com.apple.product-type.bundle.ui-testing";
		};
/* End PBXNativeTarget section */

/* Begin PBXProject section */
		671840E51EA5E45F00CCC0E2 /* Project object */ = {
			isa = PBXProject;
			attributes = {
				LastUpgradeCheck = 0820;
				ORGANIZATIONNAME = LY;
				TargetAttributes = {
					671840EC1EA5E45F00CCC0E2 = {
						CreatedOnToolsVersion = 8.2;
						DevelopmentTeam = E5D5LN5VCX;
						ProvisioningStyle = Automatic;
					};
					671841051EA5E45F00CCC0E2 = {
						CreatedOnToolsVersion = 8.2;
						DevelopmentTeam = E5D5LN5VCX;
						ProvisioningStyle = Automatic;
						TestTargetID = 671840EC1EA5E45F00CCC0E2;
					};
					671841101EA5E45F00CCC0E2 = {
						CreatedOnToolsVersion = 8.2;
						DevelopmentTeam = E5D5LN5VCX;
						ProvisioningStyle = Automatic;
						TestTargetID = 671840EC1EA5E45F00CCC0E2;
					};
				};
			};
			buildConfigurationList = 671840E81EA5E45F00CCC0E2 /* Build configuration list for PBXProject "LYRefresh" */;
			compatibilityVersion = "Xcode 3.2";
			developmentRegion = English;
			hasScannedForEncodings = 0;
			knownRegions = (
				en,
				Base,
			);
			mainGroup = 671840E41EA5E45F00CCC0E2;
			productRefGroup = 671840EE1EA5E45F00CCC0E2 /* Products */;
			projectDirPath = "";
			projectRoot = "";
			targets = (
				671840EC1EA5E45F00CCC0E2 /* LYRefresh */,
				671841051EA5E45F00CCC0E2 /* LYRefreshTests */,
				671841101EA5E45F00CCC0E2 /* LYRefreshUITests */,
			);
		};
/* End PBXProject section */

/* Begin PBXResourcesBuildPhase section */
		671840EB1EA5E45F00CCC0E2 /* Resources */ = {
			isa = PBXResourcesBuildPhase;
			buildActionMask = 2147483647;
			files = (
				671841001EA5E45F00CCC0E2 /* LaunchScreen.storyboard in Resources */,
				671840FD1EA5E45F00CCC0E2 /* Assets.xcassets in Resources */,
				671840FB1EA5E45F00CCC0E2 /* Main.storyboard in Resources */,
			);
			runOnlyForDeploymentPostprocessing = 0;
		};
		671841041EA5E45F00CCC0E2 /* Resources */ = {
			isa = PBXResourcesBuildPhase;
			buildActionMask = 2147483647;
			files = (
			);
			runOnlyForDeploymentPostprocessing = 0;
		};
		6718410F1EA5E45F00CCC0E2 /* Resources */ = {
			isa = PBXResourcesBuildPhase;
			buildActionMask = 2147483647;
			files = (
			);
			runOnlyForDeploymentPostprocessing = 0;
		};
/* End PBXResourcesBuildPhase section */

/* Begin PBXSourcesBuildPhase section */
		671840E91EA5E45F00CCC0E2 /* Sources */ = {
			isa = PBXSourcesBuildPhase;
			buildActionMask = 2147483647;
			files = (
				671840F81EA5E45F00CCC0E2 /* ViewController.m in Sources */,
				671840F51EA5E45F00CCC0E2 /* AppDelegate.m in Sources */,
				671840F21EA5E45F00CCC0E2 /* main.m in Sources */,
			);
			runOnlyForDeploymentPostprocessing = 0;
		};
		671841021EA5E45F00CCC0E2 /* Sources */ = {
			isa = PBXSourcesBuildPhase;
			buildActionMask = 2147483647;
			files = (
				6718410B1EA5E45F00CCC0E2 /* LYRefreshTests.m in Sources */,
			);
			runOnlyForDeploymentPostprocessing = 0;
		};
		6718410D1EA5E45F00CCC0E2 /* Sources */ = {
			isa = PBXSourcesBuildPhase;
			buildActionMask = 2147483647;
			files = (
				671841161EA5E45F00CCC0E2 /* LYRefreshUITests.m in Sources */,
			);
			runOnlyForDeploymentPostprocessing = 0;
		};
/* End PBXSourcesBuildPhase section */

/* Begin PBXTargetDependency section */
		671841081EA5E45F00CCC0E2 /* PBXTargetDependency */ = {
			isa = PBXTargetDependency;
			target = 671840EC1EA5E45F00CCC0E2 /* LYRefresh */;
			targetProxy = 671841071EA5E45F00CCC0E2 /* PBXContainerItemProxy */;
		};
		671841131EA5E45F00CCC0E2 /* PBXTargetDependency */ = {
			isa = PBXTargetDependency;
			target = 671840EC1EA5E45F00CCC0E2 /* LYRefresh */;
			targetProxy = 671841121EA5E45F00CCC0E2 /* PBXContainerItemProxy */;
		};
/* End PBXTargetDependency section */

/* Begin PBXVariantGroup section */
		671840F91EA5E45F00CCC0E2 /* Main.storyboard */ = {
			isa = PBXVariantGroup;
			children = (
				671840FA1EA5E45F00CCC0E2 /* Base */,
			);
			name = Main.storyboard;
			sourceTree = "<group>";
		};
		671840FE1EA5E45F00CCC0E2 /* LaunchScreen.storyboard */ = {
			isa = PBXVariantGroup;
			children = (
				671840FF1EA5E45F00CCC0E2 /* Base */,
			);
			name = LaunchScreen.storyboard;
			sourceTree = "<group>";
		};
/* End PBXVariantGroup section */

/* Begin XCBuildConfiguration section */
		671841181EA5E45F00CCC0E2 /* Debug */ = {
			isa = XCBuildConfiguration;
			buildSettings = {
				ALWAYS_SEARCH_USER_PATHS = NO;
				CLANG_ANALYZER_NONNULL = YES;
				CLANG_CXX_LANGUAGE_STANDARD = "gnu++0x";
				CLANG_CXX_LIBRARY = "libc++";
				CLANG_ENABLE_MODULES = YES;
				CLANG_ENABLE_OBJC_ARC = YES;
				CLANG_WARN_BOOL_CONVERSION = YES;
				CLANG_WARN_CONSTANT_CONVERSION = YES;
				CLANG_WARN_DIRECT_OBJC_ISA_USAGE = YES_ERROR;
				CLANG_WARN_DOCUMENTATION_COMMENTS = YES;
				CLANG_WARN_EMPTY_BODY = YES;
				CLANG_WARN_ENUM_CONVERSION = YES;
				CLANG_WARN_INFINITE_RECURSION = YES;
				CLANG_WARN_INT_CONVERSION = YES;
				CLANG_WARN_OBJC_ROOT_CLASS = YES_ERROR;
				CLANG_WARN_SUSPICIOUS_MOVE = YES;
				CLANG_WARN_UNREACHABLE_CODE = YES;
				CLANG_WARN__DUPLICATE_METHOD_MATCH = YES;
				"CODE_SIGN_IDENTITY[sdk=iphoneos*]" = "iPhone Developer";
				COPY_PHASE_STRIP = NO;
				DEBUG_INFORMATION_FORMAT = dwarf;
				ENABLE_STRICT_OBJC_MSGSEND = YES;
				ENABLE_TESTABILITY = YES;
				GCC_C_LANGUAGE_STANDARD = gnu99;
				GCC_DYNAMIC_NO_PIC = NO;
				GCC_NO_COMMON_BLOCKS = YES;
				GCC_OPTIMIZATION_LEVEL = 0;
				GCC_PREPROCESSOR_DEFINITIONS = (
					"DEBUG=1",
					"$(inherited)",
				);
				GCC_WARN_64_TO_32_BIT_CONVERSION = YES;
				GCC_WARN_ABOUT_RETURN_TYPE = YES_ERROR;
				GCC_WARN_UNDECLARED_SELECTOR = YES;
				GCC_WARN_UNINITIALIZED_AUTOS = YES_AGGRESSIVE;
				GCC_WARN_UNUSED_FUNCTION = YES;
				GCC_WARN_UNUSED_VARIABLE = YES;
				IPHONEOS_DEPLOYMENT_TARGET = 10.2;
				MTL_ENABLE_DEBUG_INFO = YES;
				ONLY_ACTIVE_ARCH = YES;
				SDKROOT = iphoneos;
				TARGETED_DEVICE_FAMILY = "1,2";
			};
			name = Debug;
		};
		671841191EA5E45F00CCC0E2 /* Release */ = {
			isa = XCBuildConfiguration;
			buildSettings = {
				ALWAYS_SEARCH_USER_PATHS = NO;
				CLANG_ANALYZER_NONNULL = YES;
				CLANG_CXX_LANGUAGE_STANDARD = "gnu++0x";
				CLANG_CXX_LIBRARY = "libc++";
				CLANG_ENABLE_MODULES = YES;
				CLANG_ENABLE_OBJC_ARC = YES;
				CLANG_WARN_BOOL_CONVERSION = YES;
				CLANG_WARN_CONSTANT_CONVERSION = YES;
				CLANG_WARN_DIRECT_OBJC_ISA_USAGE = YES_ERROR;
				CLANG_WARN_DOCUMENTATION_COMMENTS = YES;
				CLANG_WARN_EMPTY_BODY = YES;
				CLANG_WARN_ENUM_CONVERSION = YES;
				CLANG_WARN_INFINITE_RECURSION = YES;
				CLANG_WARN_INT_CONVERSION = YES;
				CLANG_WARN_OBJC_ROOT_CLASS = YES_ERROR;
				CLANG_WARN_SUSPICIOUS_MOVE = YES;
				CLANG_WARN_UNREACHABLE_CODE = YES;
				CLANG_WARN__DUPLICATE_METHOD_MATCH = YES;
				"CODE_SIGN_IDENTITY[sdk=iphoneos*]" = "iPhone Developer";
				COPY_PHASE_STRIP = NO;
				DEBUG_INFORMATION_FORMAT = "dwarf-with-dsym";
				ENABLE_NS_ASSERTIONS = NO;
				ENABLE_STRICT_OBJC_MSGSEND = YES;
				GCC_C_LANGUAGE_STANDARD = gnu99;
				GCC_NO_COMMON_BLOCKS = YES;
				GCC_WARN_64_TO_32_BIT_CONVERSION = YES;
				GCC_WARN_ABOUT_RETURN_TYPE = YES_ERROR;
				GCC_WARN_UNDECLARED_SELECTOR = YES;
				GCC_WARN_UNINITIALIZED_AUTOS = YES_AGGRESSIVE;
				GCC_WARN_UNUSED_FUNCTION = YES;
				GCC_WARN_UNUSED_VARIABLE = YES;
				IPHONEOS_DEPLOYMENT_TARGET = 10.2;
				MTL_ENABLE_DEBUG_INFO = NO;
				SDKROOT = iphoneos;
				TARGETED_DEVICE_FAMILY = "1,2";
				VALIDATE_PRODUCT = YES;
			};
			name = Release;
		};
		6718411B1EA5E45F00CCC0E2 /* Debug */ = {
			isa = XCBuildConfiguration;
			buildSettings = {
				ASSETCATALOG_COMPILER_APPICON_NAME = AppIcon;
				DEVELOPMENT_TEAM = E5D5LN5VCX;
				INFOPLIST_FILE = LYRefresh/Info.plist;
				LD_RUNPATH_SEARCH_PATHS = "$(inherited) @executable_path/Frameworks";
				PRODUCT_BUNDLE_IDENTIFIER = LY.LYRefresh;
				PRODUCT_NAME = "$(TARGET_NAME)";
			};
			name = Debug;
		};
		6718411C1EA5E45F00CCC0E2 /* Release */ = {
			isa = XCBuildConfiguration;
			buildSettings = {
				ASSETCATALOG_COMPILER_APPICON_NAME = AppIcon;
				DEVELOPMENT_TEAM = E5D5LN5VCX;
				INFOPLIST_FILE = LYRefresh/Info.plist;
				LD_RUNPATH_SEARCH_PATHS = "$(inherited) @executable_path/Frameworks";
				PRODUCT_BUNDLE_IDENTIFIER = LY.LYRefresh;
				PRODUCT_NAME = "$(TARGET_NAME)";
			};
			name = Release;
		};
		6718411E1EA5E45F00CCC0E2 /* Debug */ = {
			isa = XCBuildConfiguration;
			buildSettings = {
				BUNDLE_LOADER = "$(TEST_HOST)";
				DEVELOPMENT_TEAM = E5D5LN5VCX;
				INFOPLIST_FILE = LYRefreshTests/Info.plist;
				LD_RUNPATH_SEARCH_PATHS = "$(inherited) @executable_path/Frameworks @loader_path/Frameworks";
				PRODUCT_BUNDLE_IDENTIFIER = LY.LYRefreshTests;
				PRODUCT_NAME = "$(TARGET_NAME)";
				TEST_HOST = "$(BUILT_PRODUCTS_DIR)/LYRefresh.app/LYRefresh";
			};
			name = Debug;
		};
		6718411F1EA5E45F00CCC0E2 /* Release */ = {
			isa = XCBuildConfiguration;
			buildSettings = {
				BUNDLE_LOADER = "$(TEST_HOST)";
				DEVELOPMENT_TEAM = E5D5LN5VCX;
				INFOPLIST_FILE = LYRefreshTests/Info.plist;
				LD_RUNPATH_SEARCH_PATHS = "$(inherited) @executable_path/Frameworks @loader_path/Frameworks";
				PRODUCT_BUNDLE_IDENTIFIER = LY.LYRefreshTests;
				PRODUCT_NAME = "$(TARGET_NAME)";
				TEST_HOST = "$(BUILT_PRODUCTS_DIR)/LYRefresh.app/LYRefresh";
			};
			name = Release;
		};
		671841211EA5E45F00CCC0E2 /* Debug */ = {
			isa = XCBuildConfiguration;
			buildSettings = {
				DEVELOPMENT_TEAM = E5D5LN5VCX;
				INFOPLIST_FILE = LYRefreshUITests/Info.plist;
				LD_RUNPATH_SEARCH_PATHS = "$(inherited) @executable_path/Frameworks @loader_path/Frameworks";
				PRODUCT_BUNDLE_IDENTIFIER = LY.LYRefreshUITests;
				PRODUCT_NAME = "$(TARGET_NAME)";
				TEST_TARGET_NAME = LYRefresh;
			};
			name = Debug;
		};
		671841221EA5E45F00CCC0E2 /* Release */ = {
			isa = XCBuildConfiguration;
			buildSettings = {
				DEVELOPMENT_TEAM = E5D5LN5VCX;
				INFOPLIST_FILE = LYRefreshUITests/Info.plist;
				LD_RUNPATH_SEARCH_PATHS = "$(inherited) @executable_path/Frameworks @loader_path/Frameworks";
				PRODUCT_BUNDLE_IDENTIFIER = LY.LYRefreshUITests;
				PRODUCT_NAME = "$(TARGET_NAME)";
				TEST_TARGET_NAME = LYRefresh;
			};
			name = Release;
		};
/* End XCBuildConfiguration section */

/* Begin XCConfigurationList section */
		671840E81EA5E45F00CCC0E2 /* Build configuration list for PBXProject "LYRefresh" */ = {
			isa = XCConfigurationList;
			buildConfigurations = (
				671841181EA5E45F00CCC0E2 /* Debug */,
				671841191EA5E45F00CCC0E2 /* Release */,
			);
			defaultConfigurationIsVisible = 0;
			defaultConfigurationName = Release;
		};
		6718411A1EA5E45F00CCC0E2 /* Build configuration list for PBXNativeTarget "LYRefresh" */ = {
			isa = XCConfigurationList;
			buildConfigurations = (
				6718411B1EA5E45F00CCC0E2 /* Debug */,
				6718411C1EA5E45F00CCC0E2 /* Release */,
			);
			defaultConfigurationIsVisible = 0;
		};
		6718411D1EA5E45F00CCC0E2 /* Build configuration list for PBXNativeTarget "LYRefreshTests" */ = {
			isa = XCConfigurationList;
			buildConfigurations = (
				6718411E1EA5E45F00CCC0E2 /* Debug */,
				6718411F1EA5E45F00CCC0E2 /* Release */,
			);
			defaultConfigurationIsVisible = 0;
		};
		671841201EA5E45F00CCC0E2 /* Build configuration list for PBXNativeTarget "LYRefreshUITests" */ = {
			isa = XCConfigurationList;
			buildConfigurations = (
				671841211EA5E45F00CCC0E2 /* Debug */,
				671841221EA5E45F00CCC0E2 /* Release */,
			);
			defaultConfigurationIsVisible = 0;
		};
/* End XCConfigurationList section */
	};
	rootObject = 671840E51EA5E45F00CCC0E2 /* Project object */;
}
